{
  "originHash" : "ce1cc9a9029cdf8df7ec3ee621a2ff30c63f06b3942f3eb7e8656d639c30157b",
  "pins" : [
    {
      "identity" : "kingfisher",
      "kind" : "remoteSourceControl",
      "location" : "https://github.com/onevcat/Kingfisher.git",
      "state" : {
        "revision" : "cf8be20d07654570554c8a8a4952bc8a5766a8b0",
        "version" : "8.9.0"
      }
    },
    {
      "identity" : "md4c",
      "kind" : "remoteSourceControl",
      "location" : "https://github.com/6d616c66/md4c.git",
      "state" : {
        "branch" : "master",
        "revision" : "c0ec4995d1c148919241995680ac1d9c1583512b"
      }
    }
  ],
  "version" : 3
}
