// !$*UTF8*$!
{
	archiveVersion = 1;
	classes = {
	};
	objectVersion = 77;
	objects = {

/* Begin PBXBuildFile section */
		07B9637908A81B4BD214C111 /* MMarkParser in Frameworks */ = {isa = PBXBuildFile; productRef = 6592F697F73993E900C30655 /* MMarkParser */; };
		568040CCC8E5241423761193 /* AppDelegate.swift in Sources */ = {isa = PBXBuildFile; fileRef = 1DCD5DFBD1F9EEAD301139FF /* AppDelegate.swift */; };
		61124014522268D153424EB6 /* LaunchScreen.storyboard in Resources */ = {isa = PBXBuildFile; fileRef = 1D5AA8E7B81D0B556E76F77C /* LaunchScreen.storyboard */; };
		8220977FA7B5AA82F0F0C1D2 /* SceneDelegate.swift in Sources */ = {isa = PBXBuildFile; fileRef = 804C35BF0DF93339257BBBB0 /* SceneDelegate.swift */; };
		B304407ED57EAD81CBA5EF25 /* SampleMarkdown.swift in Sources */ = {isa = PBXBuildFile; fileRef = F224B1E2A6377CC2E8D02A61 /* SampleMarkdown.swift */; };
		EF9CAC54B25520CA00331AC5 /* ViewController.swift in Sources */ = {isa = PBXBuildFile; fileRef = 7529B96709B49CDED5490847 /* ViewController.swift */; };
/* End PBXBuildFile section */

/* Begin PBXFileReference section */
		117F8F064B54AD838A01404D /* Info.plist */ = {isa = PBXFileReference; lastKnownFileType = text.plist; path = Info.plist; sourceTree = "<group>"; };
		1D5AA8E7B81D0B556E76F77C /* LaunchScreen.storyboard */ = {isa = PBXFileReference; lastKnownFileType = file.storyboard; path = LaunchScreen.storyboard; sourceTree = "<group>"; };
		1DCD5DFBD1F9EEAD301139FF /* AppDelegate.swift */ = {isa = PBXFileReference; lastKnownFileType = sourcecode.swift; path = AppDelegate.swift; sourceTree = "<group>"; };
		314E38419A82F8058D469DD8 /* spm_demo.app */ = {isa = PBXFileReference; explicitFileType = wrapper.application; includeInIndex = 0; path = spm_demo.app; sourceTree = BUILT_PRODUCTS_DIR; };
		7529B96709B49CDED5490847 /* ViewController.swift */ = {isa = PBXFileReference; lastKnownFileType = sourcecode.swift; path = ViewController.swift; sourceTree = "<group>"; };
		804C35BF0DF93339257BBBB0 /* SceneDelegate.swift */ = {isa = PBXFileReference; lastKnownFileType = sourcecode.swift; path = SceneDelegate.swift; sourceTree = "<group>"; };
		D6A145127CEA0D3948989BF2 /* MMarkParser */ = {isa = PBXFileReference; lastKnownFileType = folder; name = MMarkParser; path = ../MMarkParser; sourceTree = SOURCE_ROOT; };
		F224B1E2A6377CC2E8D02A61 /* SampleMarkdown.swift */ = {isa = PBXFileReference; lastKnownFileType = sourcecode.swift; path = SampleMarkdown.swift; sourceTree = "<group>"; };
/* End PBXFileReference section */

/* Begin PBXFrameworksBuildPhase section */
		E44CC25F467A020AC8E87FF9 /* Frameworks */ = {
			isa = PBXFrameworksBuildPhase;
			buildActionMask = 2147483647;
			files = (
				07B9637908A81B4BD214C111 /* MMarkParser in Frameworks */,
			);
			runOnlyForDeploymentPostprocessing = 0;
		};
/* End PBXFrameworksBuildPhase section */

/* Begin PBXGroup section */
		2C67874DE3DCA96B8925B96F /* Packages */ = {
			isa = PBXGroup;
			children = (
				D6A145127CEA0D3948989BF2 /* MMarkParser */,
			);
			name = Packages;
			sourceTree = "<group>";
		};
		820AA3E59BFD10B3DDF71533 /* Products */ = {
			isa = PBXGroup;
			children = (
				314E38419A82F8058D469DD8 /* spm_demo.app */,
			);
			name = Products;
			sourceTree = "<group>";
		};
		B25EFC54C422C86C298EEF5F /* spm_demo */ = {
			isa = PBXGroup;
			children = (
				1DCD5DFBD1F9EEAD301139FF /* AppDelegate.swift */,
				117F8F064B54AD838A01404D /* Info.plist */,
				1D5AA8E7B81D0B556E76F77C /* LaunchScreen.storyboard */,
				F224B1E2A6377CC2E8D02A61 /* SampleMarkdown.swift */,
				804C35BF0DF93339257BBBB0 /* SceneDelegate.swift */,
				7529B96709B49CDED5490847 /* ViewController.swift */,
			);
			path = spm_demo;
			sourceTree = "<group>";
		};
		C0F727836C70FBEFC98A0084 = {
			isa = PBXGroup;
			children = (
				2C67874DE3DCA96B8925B96F /* Packages */,
				B25EFC54C422C86C298EEF5F /* spm_demo */,
				820AA3E59BFD10B3DDF71533 /* Products */,
			);
			sourceTree = "<group>";
		};
/* End PBXGroup section */

/* Begin PBXNativeTarget section */
		90161A92D3D018B7D2DDD075 /* spm_demo */ = {
			isa = PBXNativeTarget;
			buildConfigurationList = 1FFB32703780207A3001CF23 /* Build configuration list for PBXNativeTarget "spm_demo" */;
			buildPhases = (
				76ACEE8A52C01694D5BBE6A6 /* Sources */,
				0BC40E0FB421908B5F55F8A7 /* Resources */,
				E44CC25F467A020AC8E87FF9 /* Frameworks */,
			);
			buildRules = (
			);
			dependencies = (
			);
			name = spm_demo;
			packageProductDependencies = (
				6592F697F73993E900C30655 /* MMarkParser */,
			);
			productName = spm_demo;
			productReference = 314E38419A82F8058D469DD8 /* spm_demo.app */;
			productType = "com.apple.product-type.application";
		};
/* End PBXNativeTarget section */

/* Begin PBXProject section */
		9129E07C18A9E19315BA6967 /* Project object */ = {
			isa = PBXProject;
			attributes = {
				BuildIndependentTargetsInParallel = YES;
				LastUpgradeCheck = 1430;
				TargetAttributes = {
					90161A92D3D018B7D2DDD075 = {
						ProvisioningStyle = Automatic;
					};
				};
			};
			buildConfigurationList = DE732230066A75F80853295E /* Build configuration list for PBXProject "spm_demo" */;
			developmentRegion = en;
			hasScannedForEncodings = 0;
			knownRegions = (
				Base,
				en,
			);
			mainGroup = C0F727836C70FBEFC98A0084;
			minimizedProjectReferenceProxies = 1;
			packageReferences = (
				33AB986B086369FBB1F65AD1 /* XCLocalSwiftPackageReference "../MMarkParser" */,
			);
			preferredProjectObjectVersion = 77;
			productRefGroup = 820AA3E59BFD10B3DDF71533 /* Products */;
			projectDirPath = "";
			projectRoot = "";
			targets = (
				90161A92D3D018B7D2DDD075 /* spm_demo */,
			);
		};
/* End PBXProject section */

/* Begin PBXResourcesBuildPhase section */
		0BC40E0FB421908B5F55F8A7 /* Resources */ = {
			isa = PBXResourcesBuildPhase;
			buildActionMask = 2147483647;
			files = (
				61124014522268D153424EB6 /* LaunchScreen.storyboard in Resources */,
			);
			runOnlyForDeploymentPostprocessing = 0;
		};
/* End PBXResourcesBuildPhase section */

/* Begin PBXSourcesBuildPhase section */
		76ACEE8A52C01694D5BBE6A6 /* Sources */ = {
			isa = PBXSourcesBuildPhase;
			buildActionMask = 2147483647;
			files = (
				568040CCC8E5241423761193 /* AppDelegate.swift in Sources */,
				B304407ED57EAD81CBA5EF25 /* SampleMarkdown.swift in Sources */,
				8220977FA7B5AA82F0F0C1D2 /* SceneDelegate.swift in Sources */,
				EF9CAC54B25520CA00331AC5 /* ViewController.swift in Sources */,
			);
			runOnlyForDeploymentPostprocessing = 0;
		};
/* End PBXSourcesBuildPhase section */

/* Begin XCBuildConfiguration section */
		40B73F334123A723CC2BF8FE /* Debug */ = {
			isa = XCBuildConfiguration;
			buildSettings = {
				ASSETCATALOG_COMPILER_APPICON_NAME = AppIcon;
				CODE_SIGN_IDENTITY = "iPhone Developer";
				CODE_SIGN_STYLE = Automatic;
				CURRENT_PROJECT_VERSION = 1;
				DEVELOPMENT_TEAM = G53SRV6265;
				GENERATE_INFOPLIST_FILE = NO;
				INFOPLIST_FILE = spm_demo/Info.plist;
				LD_RUNPATH_SEARCH_PATHS = (
					"$(inherited)",
					"@executable_path/Frameworks",
				);
				MARKETING_VERSION = 1.0.0;
				PRODUCT_BUNDLE_IDENTIFIER = com.mmark.spmdemo;
				SDKROOT = iphoneos;
				SWIFT_VERSION = 5.7;
				TARGETED_DEVICE_FAMILY = "1,2";
			};
			name = Debug;
		};
		4BAF0B9FFDDC07AC0CCC4563 /* Debug */ = {
			isa = XCBuildConfiguration;
			buildSettings = {
				ALWAYS_SEARCH_USER_PATHS = NO;
				CLANG_ANALYZER_NONNULL = YES;
				CLANG_ANALYZER_NUMBER_OBJECT_CONVERSION = YES_AGGRESSIVE;
				CLANG_CXX_LANGUAGE_STANDARD = "gnu++14";
				CLANG_CXX_LIBRARY = "libc++";
				CLANG_ENABLE_MODULES = YES;
				CLANG_ENABLE_OBJC_ARC = YES;
				CLANG_ENABLE_OBJC_WEAK = YES;
				CLANG_WARN_BLOCK_CAPTURE_AUTORELEASING = YES;
				CLANG_WARN_BOOL_CONVERSION = YES;
				CLANG_WARN_COMMA = YES;
				CLANG_WARN_CONSTANT_CONVERSION = YES;
				CLANG_WARN_DEPRECATED_OBJC_IMPLEMENTATIONS = YES;
				CLANG_WARN_DIRECT_OBJC_ISA_USAGE = YES_ERROR;
				CLANG_WARN_DOCUMENTATION_COMMENTS = YES;
				CLANG_WARN_EMPTY_BODY = YES;
				CLANG_WARN_ENUM_CONVERSION = YES;
				CLANG_WARN_INFINITE_RECURSION = YES;
				CLANG_WARN_INT_CONVERSION = YES;
				CLANG_WARN_NON_LITERAL_NULL_CONVERSION = YES;
				CLANG_WARN_OBJC_IMPLICIT_RETAIN_SELF = YES;
				CLANG_WARN_OBJC_LITERAL_CONVERSION = YES;
				CLANG_WARN_OBJC_ROOT_CLASS = YES_ERROR;
				CLANG_WARN_QUOTED_INCLUDE_IN_FRAMEWORK_HEADER = YES;
				CLANG_WARN_RANGE_LOOP_ANALYSIS = YES;
				CLANG_WARN_STRICT_PROTOTYPES = YES;
				CLANG_WARN_SUSPICIOUS_MOVE = YES;
				CLANG_WARN_UNGUARDED_AVAILABILITY = YES_AGGRESSIVE;
				CLANG_WARN_UNREACHABLE_CODE = YES;
				CLANG_WARN__DUPLICATE_METHOD_MATCH = YES;
				COPY_PHASE_STRIP = NO;
				DEBUG_INFORMATION_FORMAT = dwarf;
				ENABLE_STRICT_OBJC_MSGSEND = YES;
				ENABLE_TESTABILITY = YES;
				GCC_C_LANGUAGE_STANDARD = gnu11;
				GCC_DYNAMIC_NO_PIC = NO;
				GCC_NO_COMMON_BLOCKS = YES;
				GCC_OPTIMIZATION_LEVEL = 0;
				GCC_PREPROCESSOR_DEFINITIONS = (
					"$(inherited)",
					"DEBUG=1",
				);
				GCC_WARN_64_TO_32_BIT_CONVERSION = YES;
				GCC_WARN_ABOUT_RETURN_TYPE = YES_ERROR;
				GCC_WARN_UNDECLARED_SELECTOR = YES;
				GCC_WARN_UNINITIALIZED_AUTOS = YES_AGGRESSIVE;
				GCC_WARN_UNUSED_FUNCTION = YES;
				GCC_WARN_UNUSED_VARIABLE = YES;
				IPHONEOS_DEPLOYMENT_TARGET = 15.0;
				MTL_ENABLE_DEBUG_INFO = INCLUDE_SOURCE;
				MTL_FAST_MATH = YES;
				ONLY_ACTIVE_ARCH = YES;
				PRODUCT_NAME = "$(TARGET_NAME)";
				SDKROOT = iphoneos;
				SWIFT_ACTIVE_COMPILATION_CONDITIONS = DEBUG;
				SWIFT_OPTIMIZATION_LEVEL = "-Onone";
				SWIFT_VERSION = 5.0;
			};
			name = Debug;
		};
		6DCABACADC1DB1506CD7DEF4 /* Release */ = {
			isa = XCBuildConfiguration;
			buildSettings = {
				ASSETCATALOG_COMPILER_APPICON_NAME = AppIcon;
				CODE_SIGN_IDENTITY = "iPhone Developer";
				CODE_SIGN_STYLE = Automatic;
				CURRENT_PROJECT_VERSION = 1;
				DEVELOPMENT_TEAM = G53SRV6265;
				GENERATE_INFOPLIST_FILE = NO;
				INFOPLIST_FILE = spm_demo/Info.plist;
				LD_RUNPATH_SEARCH_PATHS = (
					"$(inherited)",
					"@executable_path/Frameworks",
				);
				MARKETING_VERSION = 1.0.0;
				PRODUCT_BUNDLE_IDENTIFIER = com.mmark.spmdemo;
				SDKROOT = iphoneos;
				SWIFT_VERSION = 5.7;
				TARGETED_DEVICE_FAMILY = "1,2";
			};
			name = Release;
		};
		7930EA95F4A59C596B1E8F75 /* Release */ = {
			isa = XCBuildConfiguration;
			buildSettings = {
				ALWAYS_SEARCH_USER_PATHS = NO;
				CLANG_ANALYZER_NONNULL = YES;
				CLANG_ANALYZER_NUMBER_OBJECT_CONVERSION = YES_AGGRESSIVE;
				CLANG_CXX_LANGUAGE_STANDARD = "gnu++14";
				CLANG_CXX_LIBRARY = "libc++";
				CLANG_ENABLE_MODULES = YES;
				CLANG_ENABLE_OBJC_ARC = YES;
				CLANG_ENABLE_OBJC_WEAK = YES;
				CLANG_WARN_BLOCK_CAPTURE_AUTORELEASING = YES;
				CLANG_WARN_BOOL_CONVERSION = YES;
				CLANG_WARN_COMMA = YES;
				CLANG_WARN_CONSTANT_CONVERSION = YES;
				CLANG_WARN_DEPRECATED_OBJC_IMPLEMENTATIONS = YES;
				CLANG_WARN_DIRECT_OBJC_ISA_USAGE = YES_ERROR;
				CLANG_WARN_DOCUMENTATION_COMMENTS = YES;
				CLANG_WARN_EMPTY_BODY = YES;
				CLANG_WARN_ENUM_CONVERSION = YES;
				CLANG_WARN_INFINITE_RECURSION = YES;
				CLANG_WARN_INT_CONVERSION = YES;
				CLANG_WARN_NON_LITERAL_NULL_CONVERSION = YES;
				CLANG_WARN_OBJC_IMPLICIT_RETAIN_SELF = YES;
				CLANG_WARN_OBJC_LITERAL_CONVERSION = YES;
				CLANG_WARN_OBJC_ROOT_CLASS = YES_ERROR;
				CLANG_WARN_QUOTED_INCLUDE_IN_FRAMEWORK_HEADER = YES;
				CLANG_WARN_RANGE_LOOP_ANALYSIS = YES;
				CLANG_WARN_STRICT_PROTOTYPES = YES;
				CLANG_WARN_SUSPICIOUS_MOVE = YES;
				CLANG_WARN_UNGUARDED_AVAILABILITY = YES_AGGRESSIVE;
				CLANG_WARN_UNREACHABLE_CODE = YES;
				CLANG_WARN__DUPLICATE_METHOD_MATCH = YES;
				COPY_PHASE_STRIP = NO;
				DEBUG_INFORMATION_FORMAT = "dwarf-with-dsym";
				ENABLE_NS_ASSERTIONS = NO;
				ENABLE_STRICT_OBJC_MSGSEND = YES;
				GCC_C_LANGUAGE_STANDARD = gnu11;
				GCC_NO_COMMON_BLOCKS = YES;
				GCC_WARN_64_TO_32_BIT_CONVERSION = YES;
				GCC_WARN_ABOUT_RETURN_TYPE = YES_ERROR;
				GCC_WARN_UNDECLARED_SELECTOR = YES;
				GCC_WARN_UNINITIALIZED_AUTOS = YES_AGGRESSIVE;
				GCC_WARN_UNUSED_FUNCTION = YES;
				GCC_WARN_UNUSED_VARIABLE = YES;
				IPHONEOS_DEPLOYMENT_TARGET = 15.0;
				MTL_ENABLE_DEBUG_INFO = NO;
				MTL_FAST_MATH = YES;
				PRODUCT_NAME = "$(TARGET_NAME)";
				SDKROOT = iphoneos;
				SWIFT_COMPILATION_MODE = wholemodule;
				SWIFT_OPTIMIZATION_LEVEL = "-O";
				SWIFT_VERSION = 5.0;
			};
			name = Release;
		};
/* End XCBuildConfiguration section */

/* Begin XCConfigurationList section */
		1FFB32703780207A3001CF23 /* Build configuration list for PBXNativeTarget "spm_demo" */ = {
			isa = XCConfigurationList;
			buildConfigurations = (
				40B73F334123A723CC2BF8FE /* Debug */,
				6DCABACADC1DB1506CD7DEF4 /* Release */,
			);
			defaultConfigurationIsVisible = 0;
			defaultConfigurationName = Debug;
		};
		DE732230066A75F80853295E /* Build configuration list for PBXProject "spm_demo" */ = {
			isa = XCConfigurationList;
			buildConfigurations = (
				4BAF0B9FFDDC07AC0CCC4563 /* Debug */,
				7930EA95F4A59C596B1E8F75 /* Release */,
			);
			defaultConfigurationIsVisible = 0;
			defaultConfigurationName = Debug;
		};
/* End XCConfigurationList section */

/* Begin XCLocalSwiftPackageReference section */
		33AB986B086369FBB1F65AD1 /* XCLocalSwiftPackageReference "../MMarkParser" */ = {
			isa = XCLocalSwiftPackageReference;
			relativePath = ../MMarkParser;
		};
/* End XCLocalSwiftPackageReference section */

/* Begin XCSwiftPackageProductDependency section */
		6592F697F73993E900C30655 /* MMarkParser */ = {
			isa = XCSwiftPackageProductDependency;
			productName = MMarkParser;
		};
/* End XCSwiftPackageProductDependency section */
	};
	rootObject = 9129E07C18A9E19315BA6967 /* Project object */;
}
